uuid: 0a2919dc-e01b-48bd-bd43-f0ebc73d3476
langcode: en
status: true
dependencies:
  module:
    - system
  theme:
    - penchas
id: penchas_dashboardblock
theme: penchas
region: none
weight: -13
provider: null
plugin: dashbaord_block
settings:
  id: dashbaord_block
  label: 'Dashboard Block'
  label_display: visible
  provider: core
  block_group_roles: house1-chas_professional_staff
visibility:
  request_path:
    id: request_path
    negate: false
    pages: /user/31
