uuid: 4fe5229b-6cd7-49d1-81f9-6da4e834d1a5
langcode: en
status: true
dependencies:
  config:
    - block_content.type.video_block
  module:
    - content_translation
third_party_settings:
  content_translation:
    enabled: false
    bundle_settings:
      untranslatable_fields_hide: '0'
id: block_content.video_block
target_entity_type_id: block_content
target_bundle: video_block
default_langcode: site_default
language_alterable: false
