uuid: 310fa5bb-e470-4d45-9d31-0ae4a34e2ff2
langcode: en
status: true
dependencies:
  config:
    - block_content.type.dashboard_title_block
id: block_content.dashboard_title_block
target_entity_type_id: block_content
target_bundle: dashboard_title_block
default_langcode: site_default
language_alterable: false
