uuid: 8290f648-1999-4b95-b2bf-af8c1fa6a1b5
langcode: en
status: true
dependencies:
  config:
    - block_content.type.space_block
  module:
    - content_translation
third_party_settings:
  content_translation:
    enabled: false
    bundle_settings:
      untranslatable_fields_hide: '0'
id: block_content.space_block
target_entity_type_id: block_content
target_bundle: space_block
default_langcode: site_default
language_alterable: false
