uuid: f64e9621-f41f-496b-b172-1b0b06140270
langcode: en
status: true
dependencies:
  config:
    - block_content.type.callout_block
  module:
    - content_translation
third_party_settings:
  content_translation:
    enabled: false
    bundle_settings:
      untranslatable_fields_hide: '0'
id: block_content.callout_block
target_entity_type_id: block_content
target_bundle: callout_block
default_langcode: site_default
language_alterable: false
