uuid: da2a6407-3b50-4fc2-854c-6c29f8f8ce12
langcode: en
status: true
dependencies:
  config:
    - block_content.type.view_block
  module:
    - content_translation
third_party_settings:
  content_translation:
    enabled: false
    bundle_settings:
      untranslatable_fields_hide: '0'
id: block_content.view_block
target_entity_type_id: block_content
target_bundle: view_block
default_langcode: site_default
language_alterable: false
