uuid: 6bd44c7a-9b2e-4450-866c-8fe57391a357
langcode: en
status: true
dependencies:
  config:
    - block_content.type.map_block
  module:
    - content_translation
third_party_settings:
  content_translation:
    enabled: false
    bundle_settings:
      untranslatable_fields_hide: '0'
id: block_content.map_block
target_entity_type_id: block_content
target_bundle: map_block
default_langcode: site_default
language_alterable: false
